
Microsoft Visual Studio Solution File, Format Version 12.00
# Visual Studio Version 17
VisualStudioVersion = 17.6.33829.357
MinimumVisualStudioVersion = 10.0.40219.1
Project("{FAE04EC0-301F-11D3-BF4B-00C04F79EFBC}") = "APITCC", "APITCC\APITCC.csproj", "{BC181DF5-C1BA-485E-B14D-D18D54286629}"
EndProject
Global
	GlobalSection(SolutionConfigurationPlatforms) = preSolution
		Debug|Any CPU = Debug|Any CPU
		Release|Any CPU = Release|Any CPU
	EndGlobalSection
	GlobalSection(ProjectConfigurationPlatforms) = postSolution
		{BC181DF5-C1BA-485E-B14D-D18D54286629}.Debug|Any CPU.ActiveCfg = Debug|Any CPU
		{BC181DF5-C1BA-485E-B14D-D18D54286629}.Debug|Any CPU.Build.0 = Debug|Any CPU
		{BC181DF5-C1BA-485E-B14D-D18D54286629}.Release|Any CPU.ActiveCfg = Release|Any CPU
		{BC181DF5-C1BA-485E-B14D-D18D54286629}.Release|Any CPU.Build.0 = Release|Any CPU
	EndGlobalSection
	GlobalSection(SolutionProperties) = preSolution
		HideSolutionNode = FALSE
	EndGlobalSection
	GlobalSection(ExtensibilityGlobals) = postSolution
		SolutionGuid = {FD7360FA-BBB3-4EBC-AF13-042B37A42F1A}
	EndGlobalSection
EndGlobal
